
Microsoft Visual Studio Solution File, Format Version 12.00
Project("{FAE04EC0-301F-11D3-BF4B-00C04F79EFBC}") = "UpnpController", "UpnpController\UpnpController.csproj", "{9B85948E-ED90-4479-AA4F-090AB7DCCA1B}"
EndProject
Project("{FAE04EC0-301F-11D3-BF4B-00C04F79EFBC}") = "UpnpController.Tests", "UpnpController.Tests\UpnpController.Tests.csproj", "{13E94B2E-EFB6-463B-B913-D17CF9DE4338}"
EndProject
Global
	GlobalSection(SolutionConfigurationPlatforms) = preSolution
		Debug|Any CPU = Debug|Any CPU
		Release|Any CPU = Release|Any CPU
	EndGlobalSection
	GlobalSection(ProjectConfigurationPlatforms) = postSolution
		{9B85948E-ED90-4479-AA4F-090AB7DCCA1B}.Debug|Any CPU.ActiveCfg = Debug|Any CPU
		{9B85948E-ED90-4479-AA4F-090AB7DCCA1B}.Debug|Any CPU.Build.0 = Debug|Any CPU
		{9B85948E-ED90-4479-AA4F-090AB7DCCA1B}.Release|Any CPU.ActiveCfg = Release|Any CPU
		{9B85948E-ED90-4479-AA4F-090AB7DCCA1B}.Release|Any CPU.Build.0 = Release|Any CPU
		{13E94B2E-EFB6-463B-B913-D17CF9DE4338}.Debug|Any CPU.ActiveCfg = Debug|Any CPU
		{13E94B2E-EFB6-463B-B913-D17CF9DE4338}.Debug|Any CPU.Build.0 = Debug|Any CPU
		{13E94B2E-EFB6-463B-B913-D17CF9DE4338}.Release|Any CPU.ActiveCfg = Release|Any CPU
		{13E94B2E-EFB6-463B-B913-D17CF9DE4338}.Release|Any CPU.Build.0 = Release|Any CPU
	EndGlobalSection
EndGlobal
